// !$*UTF8*$!
{
	archiveVersion = 1;
	classes = {
	};
	objectVersion = 56;
	objects = {

/* Begin PBXBuildFile section */
		840A80CE2AC480650053C1CB /* LandmarksApp.swift in Sources */ = {isa = PBXBuildFile; fileRef = 840A80CD2AC480650053C1CB /* LandmarksApp.swift */; };
		840A80D02AC480650053C1CB /* ContentView.swift in Sources */ = {isa = PBXBuildFile; fileRef = 840A80CF2AC480650053C1CB /* ContentView.swift */; };
		840A80D22AC480660053C1CB /* Assets.xcassets in Resources */ = {isa = PBXBuildFile; fileRef = 840A80D12AC480660053C1CB /* Assets.xcassets */; };
		840A80D52AC480660053C1CB /* Preview Assets.xcassets in Resources */ = {isa = PBXBuildFile; fileRef = 840A80D42AC480660053C1CB /* Preview Assets.xcassets */; };
		840A80DF2AC480660053C1CB /* LandmarksTests.swift in Sources */ = {isa = PBXBuildFile; fileRef = 840A80DE2AC480660053C1CB /* LandmarksTests.swift */; };
		840A80E92AC480660053C1CB /* LandmarksUITests.swift in Sources */ = {isa = PBXBuildFile; fileRef = 840A80E82AC480660053C1CB /* LandmarksUITests.swift */; };
		840A80EB2AC480660053C1CB /* LandmarksUITestsLaunchTests.swift in Sources */ = {isa = PBXBuildFile; fileRef = 840A80EA2AC480660053C1CB /* LandmarksUITestsLaunchTests.swift */; };
		840A80FA2AC496640053C1CB /* CircleImage.swift in Sources */ = {isa = PBXBuildFile; fileRef = 840A80F92AC496640053C1CB /* CircleImage.swift */; };
		845208402AC499EE00A3CB0E /* MapView.swift in Sources */ = {isa = PBXBuildFile; fileRef = 8452083F2AC499EE00A3CB0E /* MapView.swift */; };
		845208422AC4A13A00A3CB0E /* landmarkData.json in Resources */ = {isa = PBXBuildFile; fileRef = 845208412AC4A13A00A3CB0E /* landmarkData.json */; };
		845208442AC4A15600A3CB0E /* Landmark.swift in Sources */ = {isa = PBXBuildFile; fileRef = 845208432AC4A15600A3CB0E /* Landmark.swift */; };
		845208462AC4A3AF00A3CB0E /* ModelData.swift in Sources */ = {isa = PBXBuildFile; fileRef = 845208452AC4A3AF00A3CB0E /* ModelData.swift */; };
		8452084B2AC4AD5300A3CB0E /* LandmarkRow.swift in Sources */ = {isa = PBXBuildFile; fileRef = 8452084A2AC4AD5300A3CB0E /* LandmarkRow.swift */; };
/* End PBXBuildFile section */

/* Begin PBXContainerItemProxy section */
		840A80DB2AC480660053C1CB /* PBXContainerItemProxy */ = {
			isa = PBXContainerItemProxy;
			containerPortal = 840A80C22AC480650053C1CB /* Project object */;
			proxyType = 1;
			remoteGlobalIDString = 840A80C92AC480650053C1CB;
			remoteInfo = Landmarks;
		};
		840A80E52AC480660053C1CB /* PBXContainerItemProxy */ = {
			isa = PBXContainerItemProxy;
			containerPortal = 840A80C22AC480650053C1CB /* Project object */;
			proxyType = 1;
			remoteGlobalIDString = 840A80C92AC480650053C1CB;
			remoteInfo = Landmarks;
		};
/* End PBXContainerItemProxy section */

/* Begin PBXFileReference section */
		840A80CA2AC480650053C1CB /* Landmarks.app */ = {isa = PBXFileReference; explicitFileType = wrapper.application; includeInIndex = 0; path = Landmarks.app; sourceTree = BUILT_PRODUCTS_DIR; };
		840A80CD2AC480650053C1CB /* LandmarksApp.swift */ = {isa = PBXFileReference; lastKnownFileType = sourcecode.swift; path = LandmarksApp.swift; sourceTree = "<group>"; };
		840A80CF2AC480650053C1CB /* ContentView.swift */ = {isa = PBXFileReference; lastKnownFileType = sourcecode.swift; path = ContentView.swift; sourceTree = "<group>"; };
		840A80D12AC480660053C1CB /* Assets.xcassets */ = {isa = PBXFileReference; lastKnownFileType = folder.assetcatalog; path = Assets.xcassets; sourceTree = "<group>"; };
		840A80D42AC480660053C1CB /* Preview Assets.xcassets */ = {isa = PBXFileReference; lastKnownFileType = folder.assetcatalog; path = "Preview Assets.xcassets"; sourceTree = "<group>"; };
		840A80DA2AC480660053C1CB /* LandmarksTests.xctest */ = {isa = PBXFileReference; explicitFileType = wrapper.cfbundle; includeInIndex = 0; path = LandmarksTests.xctest; sourceTree = BUILT_PRODUCTS_DIR; };
		840A80DE2AC480660053C1CB /* LandmarksTests.swift */ = {isa = PBXFileReference; lastKnownFileType = sourcecode.swift; path = LandmarksTests.swift; sourceTree = "<group>"; };
		840A80E42AC480660053C1CB /* LandmarksUITests.xctest */ = {isa = PBXFileReference; explicitFileType = wrapper.cfbundle; includeInIndex = 0; path = LandmarksUITests.xctest; sourceTree = BUILT_PRODUCTS_DIR; };
		840A80E82AC480660053C1CB /* LandmarksUITests.swift */ = {isa = PBXFileReference; lastKnownFileType = sourcecode.swift; path = LandmarksUITests.swift; sourceTree = "<group>"; };
		840A80EA2AC480660053C1CB /* LandmarksUITestsLaunchTests.swift */ = {isa = PBXFileReference; lastKnownFileType = sourcecode.swift; path = LandmarksUITestsLaunchTests.swift; sourceTree = "<group>"; };
		840A80F92AC496640053C1CB /* CircleImage.swift */ = {isa = PBXFileReference; lastKnownFileType = sourcecode.swift; path = CircleImage.swift; sourceTree = "<group>"; };
		8452083F2AC499EE00A3CB0E /* MapView.swift */ = {isa = PBXFileReference; lastKnownFileType = sourcecode.swift; path = MapView.swift; sourceTree = "<group>"; };
		845208412AC4A13A00A3CB0E /* landmarkData.json */ = {isa = PBXFileReference; fileEncoding = 4; lastKnownFileType = text.json; path = landmarkData.json; sourceTree = "<group>"; };
		845208432AC4A15600A3CB0E /* Landmark.swift */ = {isa = PBXFileReference; lastKnownFileType = sourcecode.swift; path = Landmark.swift; sourceTree = "<group>"; };
		845208452AC4A3AF00A3CB0E /* ModelData.swift */ = {isa = PBXFileReference; lastKnownFileType = sourcecode.swift; path = ModelData.swift; sourceTree = "<group>"; };
		8452084A2AC4AD5300A3CB0E /* LandmarkRow.swift */ = {isa = PBXFileReference; lastKnownFileType = sourcecode.swift; path = LandmarkRow.swift; sourceTree = "<group>"; };
/* End PBXFileReference section */

/* Begin PBXFrameworksBuildPhase section */
		840A80C72AC480650053C1CB /* Frameworks */ = {
			isa = PBXFrameworksBuildPhase;
			buildActionMask = 2147483647;
			files = (
			);
			runOnlyForDeploymentPostprocessing = 0;
		};
		840A80D72AC480660053C1CB /* Frameworks */ = {
			isa = PBXFrameworksBuildPhase;
			buildActionMask = 2147483647;
			files = (
			);
			runOnlyForDeploymentPostprocessing = 0;
		};
		840A80E12AC480660053C1CB /* Frameworks */ = {
			isa = PBXFrameworksBuildPhase;
			buildActionMask = 2147483647;
			files = (
			);
			runOnlyForDeploymentPostprocessing = 0;
		};
/* End PBXFrameworksBuildPhase section */

/* Begin PBXGroup section */
		840A80C12AC480650053C1CB = {
			isa = PBXGroup;
			children = (
				840A80CC2AC480650053C1CB /* Landmarks */,
				840A80DD2AC480660053C1CB /* LandmarksTests */,
				840A80E72AC480660053C1CB /* LandmarksUITests */,
				840A80CB2AC480650053C1CB /* Products */,
			);
			sourceTree = "<group>";
		};
		840A80CB2AC480650053C1CB /* Products */ = {
			isa = PBXGroup;
			children = (
				840A80CA2AC480650053C1CB /* Landmarks.app */,
				840A80DA2AC480660053C1CB /* LandmarksTests.xctest */,
				840A80E42AC480660053C1CB /* LandmarksUITests.xctest */,
			);
			name = Products;
			sourceTree = "<group>";
		};
		840A80CC2AC480650053C1CB /* Landmarks */ = {
			isa = PBXGroup;
			children = (
				845208492AC4A47600A3CB0E /* Resources */,
				845208482AC4A46100A3CB0E /* Model */,
				845208472AC4A44B00A3CB0E /* View */,
				840A80CD2AC480650053C1CB /* LandmarksApp.swift */,
				840A80D12AC480660053C1CB /* Assets.xcassets */,
				840A80D32AC480660053C1CB /* Preview Content */,
			);
			path = Landmarks;
			sourceTree = "<group>";
		};
		840A80D32AC480660053C1CB /* Preview Content */ = {
			isa = PBXGroup;
			children = (
				840A80D42AC480660053C1CB /* Preview Assets.xcassets */,
			);
			path = "Preview Content";
			sourceTree = "<group>";
		};
		840A80DD2AC480660053C1CB /* LandmarksTests */ = {
			isa = PBXGroup;
			children = (
				840A80DE2AC480660053C1CB /* LandmarksTests.swift */,
			);
			path = LandmarksTests;
			sourceTree = "<group>";
		};
		840A80E72AC480660053C1CB /* LandmarksUITests */ = {
			isa = PBXGroup;
			children = (
				840A80E82AC480660053C1CB /* LandmarksUITests.swift */,
				840A80EA2AC480660053C1CB /* LandmarksUITestsLaunchTests.swift */,
			);
			path = LandmarksUITests;
			sourceTree = "<group>";
		};
		845208472AC4A44B00A3CB0E /* View */ = {
			isa = PBXGroup;
			children = (
				8452083F2AC499EE00A3CB0E /* MapView.swift */,
				840A80F92AC496640053C1CB /* CircleImage.swift */,
				840A80CF2AC480650053C1CB /* ContentView.swift */,
				8452084A2AC4AD5300A3CB0E /* LandmarkRow.swift */,
			);
			path = View;
			sourceTree = "<group>";
		};
		845208482AC4A46100A3CB0E /* Model */ = {
			isa = PBXGroup;
			children = (
				845208452AC4A3AF00A3CB0E /* ModelData.swift */,
				845208432AC4A15600A3CB0E /* Landmark.swift */,
			);
			path = Model;
			sourceTree = "<group>";
		};
		845208492AC4A47600A3CB0E /* Resources */ = {
			isa = PBXGroup;
			children = (
				845208412AC4A13A00A3CB0E /* landmarkData.json */,
			);
			path = Resources;
			sourceTree = "<group>";
		};
/* End PBXGroup section */

/* Begin PBXNativeTarget section */
		840A80C92AC480650053C1CB /* Landmarks */ = {
			isa = PBXNativeTarget;
			buildConfigurationList = 840A80EE2AC480660053C1CB /* Build configuration list for PBXNativeTarget "Landmarks" */;
			buildPhases = (
				840A80C62AC480650053C1CB /* Sources */,
				840A80C72AC480650053C1CB /* Frameworks */,
				840A80C82AC480650053C1CB /* Resources */,
			);
			buildRules = (
			);
			dependencies = (
			);
			name = Landmarks;
			productName = Landmarks;
			productReference = 840A80CA2AC480650053C1CB /* Landmarks.app */;
			productType = "com.apple.product-type.application";
		};
		840A80D92AC480660053C1CB /* LandmarksTests */ = {
			isa = PBXNativeTarget;
			buildConfigurationList = 840A80F12AC480660053C1CB /* Build configuration list for PBXNativeTarget "LandmarksTests" */;
			buildPhases = (
				840A80D62AC480660053C1CB /* Sources */,
				840A80D72AC480660053C1CB /* Frameworks */,
				840A80D82AC480660053C1CB /* Resources */,
			);
			buildRules = (
			);
			dependencies = (
				840A80DC2AC480660053C1CB /* PBXTargetDependency */,
			);
			name = LandmarksTests;
			productName = LandmarksTests;
			productReference = 840A80DA2AC480660053C1CB /* LandmarksTests.xctest */;
			productType = "com.apple.product-type.bundle.unit-test";
		};
		840A80E32AC480660053C1CB /* LandmarksUITests */ = {
			isa = PBXNativeTarget;
			buildConfigurationList = 840A80F42AC480660053C1CB /* Build configuration list for PBXNativeTarget "LandmarksUITests" */;
			buildPhases = (
				840A80E02AC480660053C1CB /* Sources */,
				840A80E12AC480660053C1CB /* Frameworks */,
				840A80E22AC480660053C1CB /* Resources */,
			);
			buildRules = (
			);
			dependencies = (
				840A80E62AC480660053C1CB /* PBXTargetDependency */,
			);
			name = LandmarksUITests;
			productName = LandmarksUITests;
			productReference = 840A80E42AC480660053C1CB /* LandmarksUITests.xctest */;
			productType = "com.apple.product-type.bundle.ui-testing";
		};
/* End PBXNativeTarget section */

/* Begin PBXProject section */
		840A80C22AC480650053C1CB /* Project object */ = {
			isa = PBXProject;
			attributes = {
				BuildIndependentTargetsInParallel = 1;
				LastSwiftUpdateCheck = 1500;
				LastUpgradeCheck = 1500;
				TargetAttributes = {
					840A80C92AC480650053C1CB = {
						CreatedOnToolsVersion = 15.0;
					};
					840A80D92AC480660053C1CB = {
						CreatedOnToolsVersion = 15.0;
						TestTargetID = 840A80C92AC480650053C1CB;
					};
					840A80E32AC480660053C1CB = {
						CreatedOnToolsVersion = 15.0;
						TestTargetID = 840A80C92AC480650053C1CB;
					};
				};
			};
			buildConfigurationList = 840A80C52AC480650053C1CB /* Build configuration list for PBXProject "Landmarks" */;
			compatibilityVersion = "Xcode 14.0";
			developmentRegion = en;
			hasScannedForEncodings = 0;
			knownRegions = (
				en,
				Base,
			);
			mainGroup = 840A80C12AC480650053C1CB;
			productRefGroup = 840A80CB2AC480650053C1CB /* Products */;
			projectDirPath = "";
			projectRoot = "";
			targets = (
				840A80C92AC480650053C1CB /* Landmarks */,
				840A80D92AC480660053C1CB /* LandmarksTests */,
				840A80E32AC480660053C1CB /* LandmarksUITests */,
			);
		};
/* End PBXProject section */

/* Begin PBXResourcesBuildPhase section */
		840A80C82AC480650053C1CB /* Resources */ = {
			isa = PBXResourcesBuildPhase;
			buildActionMask = 2147483647;
			files = (
				840A80D52AC480660053C1CB /* Preview Assets.xcassets in Resources */,
				840A80D22AC480660053C1CB /* Assets.xcassets in Resources */,
				845208422AC4A13A00A3CB0E /* landmarkData.json in Resources */,
			);
			runOnlyForDeploymentPostprocessing = 0;
		};
		840A80D82AC480660053C1CB /* Resources */ = {
			isa = PBXResourcesBuildPhase;
			buildActionMask = 2147483647;
			files = (
			);
			runOnlyForDeploymentPostprocessing = 0;
		};
		840A80E22AC480660053C1CB /* Resources */ = {
			isa = PBXResourcesBuildPhase;
			buildActionMask = 2147483647;
			files = (
			);
			runOnlyForDeploymentPostprocessing = 0;
		};
/* End PBXResourcesBuildPhase section */

/* Begin PBXSourcesBuildPhase section */
		840A80C62AC480650053C1CB /* Sources */ = {
			isa = PBXSourcesBuildPhase;
			buildActionMask = 2147483647;
			files = (
				840A80D02AC480650053C1CB /* ContentView.swift in Sources */,
				845208402AC499EE00A3CB0E /* MapView.swift in Sources */,
				840A80CE2AC480650053C1CB /* LandmarksApp.swift in Sources */,
				840A80FA2AC496640053C1CB /* CircleImage.swift in Sources */,
				845208442AC4A15600A3CB0E /* Landmark.swift in Sources */,
				8452084B2AC4AD5300A3CB0E /* LandmarkRow.swift in Sources */,
				845208462AC4A3AF00A3CB0E /* ModelData.swift in Sources */,
			);
			runOnlyForDeploymentPostprocessing = 0;
		};
		840A80D62AC480660053C1CB /* Sources */ = {
			isa = PBXSourcesBuildPhase;
			buildActionMask = 2147483647;
			files = (
				840A80DF2AC480660053C1CB /* LandmarksTests.swift in Sources */,
			);
			runOnlyForDeploymentPostprocessing = 0;
		};
		840A80E02AC480660053C1CB /* Sources */ = {
			isa = PBXSourcesBuildPhase;
			buildActionMask = 2147483647;
			files = (
				840A80EB2AC480660053C1CB /* LandmarksUITestsLaunchTests.swift in Sources */,
				840A80E92AC480660053C1CB /* LandmarksUITests.swift in Sources */,
			);
			runOnlyForDeploymentPostprocessing = 0;
		};
/* End PBXSourcesBuildPhase section */

/* Begin PBXTargetDependency section */
		840A80DC2AC480660053C1CB /* PBXTargetDependency */ = {
			isa = PBXTargetDependency;
			target = 840A80C92AC480650053C1CB /* Landmarks */;
			targetProxy = 840A80DB2AC480660053C1CB /* PBXContainerItemProxy */;
		};
		840A80E62AC480660053C1CB /* PBXTargetDependency */ = {
			isa = PBXTargetDependency;
			target = 840A80C92AC480650053C1CB /* Landmarks */;
			targetProxy = 840A80E52AC480660053C1CB /* PBXContainerItemProxy */;
		};
/* End PBXTargetDependency section */

/* Begin XCBuildConfiguration section */
		840A80EC2AC480660053C1CB /* Debug */ = {
			isa = XCBuildConfiguration;
			buildSettings = {
				ALWAYS_SEARCH_USER_PATHS = NO;
				ASSETCATALOG_COMPILER_GENERATE_SWIFT_ASSET_SYMBOL_EXTENSIONS = YES;
				CLANG_ANALYZER_NONNULL = YES;
				CLANG_ANALYZER_NUMBER_OBJECT_CONVERSION = YES_AGGRESSIVE;
				CLANG_CXX_LANGUAGE_STANDARD = "gnu++20";
				CLANG_ENABLE_MODULES = YES;
				CLANG_ENABLE_OBJC_ARC = YES;
				CLANG_ENABLE_OBJC_WEAK = YES;
				CLANG_WARN_BLOCK_CAPTURE_AUTORELEASING = YES;
				CLANG_WARN_BOOL_CONVERSION = YES;
				CLANG_WARN_COMMA = YES;
				CLANG_WARN_CONSTANT_CONVERSION = YES;
				CLANG_WARN_DEPRECATED_OBJC_IMPLEMENTATIONS = YES;
				CLANG_WARN_DIRECT_OBJC_ISA_USAGE = YES_ERROR;
				CLANG_WARN_DOCUMENTATION_COMMENTS = YES;
				CLANG_WARN_EMPTY_BODY = YES;
				CLANG_WARN_ENUM_CONVERSION = YES;
				CLANG_WARN_INFINITE_RECURSION = YES;
				CLANG_WARN_INT_CONVERSION = YES;
				CLANG_WARN_NON_LITERAL_NULL_CONVERSION = YES;
				CLANG_WARN_OBJC_IMPLICIT_RETAIN_SELF = YES;
				CLANG_WARN_OBJC_LITERAL_CONVERSION = YES;
				CLANG_WARN_OBJC_ROOT_CLASS = YES_ERROR;
				CLANG_WARN_QUOTED_INCLUDE_IN_FRAMEWORK_HEADER = YES;
				CLANG_WARN_RANGE_LOOP_ANALYSIS = YES;
				CLANG_WARN_STRICT_PROTOTYPES = YES;
				CLANG_WARN_SUSPICIOUS_MOVE = YES;
				CLANG_WARN_UNGUARDED_AVAILABILITY = YES_AGGRESSIVE;
				CLANG_WARN_UNREACHABLE_CODE = YES;
				CLANG_WARN__DUPLICATE_METHOD_MATCH = YES;
				COPY_PHASE_STRIP = NO;
				DEBUG_INFORMATION_FORMAT = dwarf;
				ENABLE_STRICT_OBJC_MSGSEND = YES;
				ENABLE_TESTABILITY = YES;
				ENABLE_USER_SCRIPT_SANDBOXING = YES;
				GCC_C_LANGUAGE_STANDARD = gnu17;
				GCC_DYNAMIC_NO_PIC = NO;
				GCC_NO_COMMON_BLOCKS = YES;
				GCC_OPTIMIZATION_LEVEL = 0;
				GCC_PREPROCESSOR_DEFINITIONS = (
					"DEBUG=1",
					"$(inherited)",
				);
				GCC_WARN_64_TO_32_BIT_CONVERSION = YES;
				GCC_WARN_ABOUT_RETURN_TYPE = YES_ERROR;
				GCC_WARN_UNDECLARED_SELECTOR = YES;
				GCC_WARN_UNINITIALIZED_AUTOS = YES_AGGRESSIVE;
				GCC_WARN_UNUSED_FUNCTION = YES;
				GCC_WARN_UNUSED_VARIABLE = YES;
				IPHONEOS_DEPLOYMENT_TARGET = 17.0;
				LOCALIZATION_PREFERS_STRING_CATALOGS = YES;
				MTL_ENABLE_DEBUG_INFO = INCLUDE_SOURCE;
				MTL_FAST_MATH = YES;
				ONLY_ACTIVE_ARCH = YES;
				SDKROOT = iphoneos;
				SWIFT_ACTIVE_COMPILATION_CONDITIONS = "DEBUG $(inherited)";
				SWIFT_OPTIMIZATION_LEVEL = "-Onone";
			};
			name = Debug;
		};
		840A80ED2AC480660053C1CB /* Release */ = {
			isa = XCBuildConfiguration;
			buildSettings = {
				ALWAYS_SEARCH_USER_PATHS = NO;
				ASSETCATALOG_COMPILER_GENERATE_SWIFT_ASSET_SYMBOL_EXTENSIONS = YES;
				CLANG_ANALYZER_NONNULL = YES;
				CLANG_ANALYZER_NUMBER_OBJECT_CONVERSION = YES_AGGRESSIVE;
				CLANG_CXX_LANGUAGE_STANDARD = "gnu++20";
				CLANG_ENABLE_MODULES = YES;
				CLANG_ENABLE_OBJC_ARC = YES;
				CLANG_ENABLE_OBJC_WEAK = YES;
				CLANG_WARN_BLOCK_CAPTURE_AUTORELEASING = YES;
				CLANG_WARN_BOOL_CONVERSION = YES;
				CLANG_WARN_COMMA = YES;
				CLANG_WARN_CONSTANT_CONVERSION = YES;
				CLANG_WARN_DEPRECATED_OBJC_IMPLEMENTATIONS = YES;
				CLANG_WARN_DIRECT_OBJC_ISA_USAGE = YES_ERROR;
				CLANG_WARN_DOCUMENTATION_COMMENTS = YES;
				CLANG_WARN_EMPTY_BODY = YES;
				CLANG_WARN_ENUM_CONVERSION = YES;
				CLANG_WARN_INFINITE_RECURSION = YES;
				CLANG_WARN_INT_CONVERSION = YES;
				CLANG_WARN_NON_LITERAL_NULL_CONVERSION = YES;
				CLANG_WARN_OBJC_IMPLICIT_RETAIN_SELF = YES;
				CLANG_WARN_OBJC_LITERAL_CONVERSION = YES;
				CLANG_WARN_OBJC_ROOT_CLASS = YES_ERROR;
				CLANG_WARN_QUOTED_INCLUDE_IN_FRAMEWORK_HEADER = YES;
				CLANG_WARN_RANGE_LOOP_ANALYSIS = YES;
				CLANG_WARN_STRICT_PROTOTYPES = YES;
				CLANG_WARN_SUSPICIOUS_MOVE = YES;
				CLANG_WARN_UNGUARDED_AVAILABILITY = YES_AGGRESSIVE;
				CLANG_WARN_UNREACHABLE_CODE = YES;
				CLANG_WARN__DUPLICATE_METHOD_MATCH = YES;
				COPY_PHASE_STRIP = NO;
				DEBUG_INFORMATION_FORMAT = "dwarf-with-dsym";
				ENABLE_NS_ASSERTIONS = NO;
				ENABLE_STRICT_OBJC_MSGSEND = YES;
				ENABLE_USER_SCRIPT_SANDBOXING = YES;
				GCC_C_LANGUAGE_STANDARD = gnu17;
				GCC_NO_COMMON_BLOCKS = YES;
				GCC_WARN_64_TO_32_BIT_CONVERSION = YES;
				GCC_WARN_ABOUT_RETURN_TYPE = YES_ERROR;
				GCC_WARN_UNDECLARED_SELECTOR = YES;
				GCC_WARN_UNINITIALIZED_AUTOS = YES_AGGRESSIVE;
				GCC_WARN_UNUSED_FUNCTION = YES;
				GCC_WARN_UNUSED_VARIABLE = YES;
				IPHONEOS_DEPLOYMENT_TARGET = 17.0;
				LOCALIZATION_PREFERS_STRING_CATALOGS = YES;
				MTL_ENABLE_DEBUG_INFO = NO;
				MTL_FAST_MATH = YES;
				SDKROOT = iphoneos;
				SWIFT_COMPILATION_MODE = wholemodule;
				VALIDATE_PRODUCT = YES;
			};
			name = Release;
		};
		840A80EF2AC480660053C1CB /* Debug */ = {
			isa = XCBuildConfiguration;
			buildSettings = {
				ASSETCATALOG_COMPILER_APPICON_NAME = AppIcon;
				ASSETCATALOG_COMPILER_GLOBAL_ACCENT_COLOR_NAME = AccentColor;
				CODE_SIGN_STYLE = Automatic;
				CURRENT_PROJECT_VERSION = 1;
				DEVELOPMENT_ASSET_PATHS = "\"Landmarks/Preview Content\"";
				ENABLE_PREVIEWS = YES;
				GENERATE_INFOPLIST_FILE = YES;
				INFOPLIST_KEY_UIApplicationSceneManifest_Generation = YES;
				INFOPLIST_KEY_UIApplicationSupportsIndirectInputEvents = YES;
				INFOPLIST_KEY_UILaunchScreen_Generation = YES;
				INFOPLIST_KEY_UISupportedInterfaceOrientations_iPad = "UIInterfaceOrientationPortrait UIInterfaceOrientationPortraitUpsideDown UIInterfaceOrientationLandscapeLeft UIInterfaceOrientationLandscapeRight";
				INFOPLIST_KEY_UISupportedInterfaceOrientations_iPhone = "UIInterfaceOrientationPortrait UIInterfaceOrientationLandscapeLeft UIInterfaceOrientationLandscapeRight";
				LD_RUNPATH_SEARCH_PATHS = (
					"$(inherited)",
					"@executable_path/Frameworks",
				);
				MARKETING_VERSION = 1.0;
				PRODUCT_BUNDLE_IDENTIFIER = jjl.com.Landmarks;
				PRODUCT_NAME = "$(TARGET_NAME)";
				SWIFT_EMIT_LOC_STRINGS = YES;
				SWIFT_VERSION = 5.0;
				TARGETED_DEVICE_FAMILY = "1,2";
			};
			name = Debug;
		};
		840A80F02AC480660053C1CB /* Release */ = {
			isa = XCBuildConfiguration;
			buildSettings = {
				ASSETCATALOG_COMPILER_APPICON_NAME = AppIcon;
				ASSETCATALOG_COMPILER_GLOBAL_ACCENT_COLOR_NAME = AccentColor;
				CODE_SIGN_STYLE = Automatic;
				CURRENT_PROJECT_VERSION = 1;
				DEVELOPMENT_ASSET_PATHS = "\"Landmarks/Preview Content\"";
				ENABLE_PREVIEWS = YES;
				GENERATE_INFOPLIST_FILE = YES;
				INFOPLIST_KEY_UIApplicationSceneManifest_Generation = YES;
				INFOPLIST_KEY_UIApplicationSupportsIndirectInputEvents = YES;
				INFOPLIST_KEY_UILaunchScreen_Generation = YES;
				INFOPLIST_KEY_UISupportedInterfaceOrientations_iPad = "UIInterfaceOrientationPortrait UIInterfaceOrientationPortraitUpsideDown UIInterfaceOrientationLandscapeLeft UIInterfaceOrientationLandscapeRight";
				INFOPLIST_KEY_UISupportedInterfaceOrientations_iPhone = "UIInterfaceOrientationPortrait UIInterfaceOrientationLandscapeLeft UIInterfaceOrientationLandscapeRight";
				LD_RUNPATH_SEARCH_PATHS = (
					"$(inherited)",
					"@executable_path/Frameworks",
				);
				MARKETING_VERSION = 1.0;
				PRODUCT_BUNDLE_IDENTIFIER = jjl.com.Landmarks;
				PRODUCT_NAME = "$(TARGET_NAME)";
				SWIFT_EMIT_LOC_STRINGS = YES;
				SWIFT_VERSION = 5.0;
				TARGETED_DEVICE_FAMILY = "1,2";
			};
			name = Release;
		};
		840A80F22AC480660053C1CB /* Debug */ = {
			isa = XCBuildConfiguration;
			buildSettings = {
				ALWAYS_EMBED_SWIFT_STANDARD_LIBRARIES = YES;
				BUNDLE_LOADER = "$(TEST_HOST)";
				CODE_SIGN_STYLE = Automatic;
				CURRENT_PROJECT_VERSION = 1;
				GENERATE_INFOPLIST_FILE = YES;
				IPHONEOS_DEPLOYMENT_TARGET = 17.0;
				MARKETING_VERSION = 1.0;
				PRODUCT_BUNDLE_IDENTIFIER = jjl.com.LandmarksTests;
				PRODUCT_NAME = "$(TARGET_NAME)";
				SWIFT_EMIT_LOC_STRINGS = NO;
				SWIFT_VERSION = 5.0;
				TARGETED_DEVICE_FAMILY = "1,2";
				TEST_HOST = "$(BUILT_PRODUCTS_DIR)/Landmarks.app/$(BUNDLE_EXECUTABLE_FOLDER_PATH)/Landmarks";
			};
			name = Debug;
		};
		840A80F32AC480660053C1CB /* Release */ = {
			isa = XCBuildConfiguration;
			buildSettings = {
				ALWAYS_EMBED_SWIFT_STANDARD_LIBRARIES = YES;
				BUNDLE_LOADER = "$(TEST_HOST)";
				CODE_SIGN_STYLE = Automatic;
				CURRENT_PROJECT_VERSION = 1;
				GENERATE_INFOPLIST_FILE = YES;
				IPHONEOS_DEPLOYMENT_TARGET = 17.0;
				MARKETING_VERSION = 1.0;
				PRODUCT_BUNDLE_IDENTIFIER = jjl.com.LandmarksTests;
				PRODUCT_NAME = "$(TARGET_NAME)";
				SWIFT_EMIT_LOC_STRINGS = NO;
				SWIFT_VERSION = 5.0;
				TARGETED_DEVICE_FAMILY = "1,2";
				TEST_HOST = "$(BUILT_PRODUCTS_DIR)/Landmarks.app/$(BUNDLE_EXECUTABLE_FOLDER_PATH)/Landmarks";
			};
			name = Release;
		};
		840A80F52AC480660053C1CB /* Debug */ = {
			isa = XCBuildConfiguration;
			buildSettings = {
				ALWAYS_EMBED_SWIFT_STANDARD_LIBRARIES = YES;
				CODE_SIGN_STYLE = Automatic;
				CURRENT_PROJECT_VERSION = 1;
				GENERATE_INFOPLIST_FILE = YES;
				MARKETING_VERSION = 1.0;
				PRODUCT_BUNDLE_IDENTIFIER = jjl.com.LandmarksUITests;
				PRODUCT_NAME = "$(TARGET_NAME)";
				SWIFT_EMIT_LOC_STRINGS = NO;
				SWIFT_VERSION = 5.0;
				TARGETED_DEVICE_FAMILY = "1,2";
				TEST_TARGET_NAME = Landmarks;
			};
			name = Debug;
		};
		840A80F62AC480660053C1CB /* Release */ = {
			isa = XCBuildConfiguration;
			buildSettings = {
				ALWAYS_EMBED_SWIFT_STANDARD_LIBRARIES = YES;
				CODE_SIGN_STYLE = Automatic;
				CURRENT_PROJECT_VERSION = 1;
				GENERATE_INFOPLIST_FILE = YES;
				MARKETING_VERSION = 1.0;
				PRODUCT_BUNDLE_IDENTIFIER = jjl.com.LandmarksUITests;
				PRODUCT_NAME = "$(TARGET_NAME)";
				SWIFT_EMIT_LOC_STRINGS = NO;
				SWIFT_VERSION = 5.0;
				TARGETED_DEVICE_FAMILY = "1,2";
				TEST_TARGET_NAME = Landmarks;
			};
			name = Release;
		};
/* End XCBuildConfiguration section */

/* Begin XCConfigurationList section */
		840A80C52AC480650053C1CB /* Build configuration list for PBXProject "Landmarks" */ = {
			isa = XCConfigurationList;
			buildConfigurations = (
				840A80EC2AC480660053C1CB /* Debug */,
				840A80ED2AC480660053C1CB /* Release */,
			);
			defaultConfigurationIsVisible = 0;
			defaultConfigurationName = Release;
		};
		840A80EE2AC480660053C1CB /* Build configuration list for PBXNativeTarget "Landmarks" */ = {
			isa = XCConfigurationList;
			buildConfigurations = (
				840A80EF2AC480660053C1CB /* Debug */,
				840A80F02AC480660053C1CB /* Release */,
			);
			defaultConfigurationIsVisible = 0;
			defaultConfigurationName = Release;
		};
		840A80F12AC480660053C1CB /* Build configuration list for PBXNativeTarget "LandmarksTests" */ = {
			isa = XCConfigurationList;
			buildConfigurations = (
				840A80F22AC480660053C1CB /* Debug */,
				840A80F32AC480660053C1CB /* Release */,
			);
			defaultConfigurationIsVisible = 0;
			defaultConfigurationName = Release;
		};
		840A80F42AC480660053C1CB /* Build configuration list for PBXNativeTarget "LandmarksUITests" */ = {
			isa = XCConfigurationList;
			buildConfigurations = (
				840A80F52AC480660053C1CB /* Debug */,
				840A80F62AC480660053C1CB /* Release */,
			);
			defaultConfigurationIsVisible = 0;
			defaultConfigurationName = Release;
		};
/* End XCConfigurationList section */
	};
	rootObject = 840A80C22AC480650053C1CB /* Project object */;
}
